
Microsoft Visual Studio Solution File, Format Version 12.00
# Visual Studio Version 17
VisualStudioVersion = 17.0.31912.275
MinimumVisualStudioVersion = 10.0.40219.1
Project("{8BC9CEB8-8B4A-11D0-8D11-00A0C91BC942}") = "doWhileLoop", "doWhileLoop\doWhileLoop.vcxproj", "{CF07A9D2-F225-4079-BEB0-06025C413965}"
EndProject
Global
	GlobalSection(SolutionConfigurationPlatforms) = preSolution
		Debug|x64 = Debug|x64
		Debug|x86 = Debug|x86
		Release|x64 = Release|x64
		Release|x86 = Release|x86
	EndGlobalSection
	GlobalSection(ProjectConfigurationPlatforms) = postSolution
		{CF07A9D2-F225-4079-BEB0-06025C413965}.Debug|x64.ActiveCfg = Debug|x64
		{CF07A9D2-F225-4079-BEB0-06025C413965}.Debug|x64.Build.0 = Debug|x64
		{CF07A9D2-F225-4079-BEB0-06025C413965}.Debug|x86.ActiveCfg = Debug|Win32
		{CF07A9D2-F225-4079-BEB0-06025C413965}.Debug|x86.Build.0 = Debug|Win32
		{CF07A9D2-F225-4079-BEB0-06025C413965}.Release|x64.ActiveCfg = Release|x64
		{CF07A9D2-F225-4079-BEB0-06025C413965}.Release|x64.Build.0 = Release|x64
		{CF07A9D2-F225-4079-BEB0-06025C413965}.Release|x86.ActiveCfg = Release|Win32
		{CF07A9D2-F225-4079-BEB0-06025C413965}.Release|x86.Build.0 = Release|Win32
	EndGlobalSection
	GlobalSection(SolutionProperties) = preSolution
		HideSolutionNode = FALSE
	EndGlobalSection
	GlobalSection(ExtensibilityGlobals) = postSolution
		SolutionGuid = {AAB3D8BC-BCF6-4451-9692-E88ED3CB2058}
	EndGlobalSection
EndGlobal
